<Solution>
  <Project Path="Gastos.Api/Gastos.Api.csproj" />
  <Project Path="Gastos.Application/Gastos.Application.csproj" />
  <Project Path="Gastos.Domain/Gastos.Domain.csproj" />
  <Project Path="Gastos.Infrastructure/Gastos.Infrastructure.csproj" />
  <Project Path="Gastos.Tests/Gastos.Tests.csproj" />
</Solution>
